
Microsoft Visual Studio Solution File, Format Version 12.00
# Visual Studio Version 16
VisualStudioVersion = 16.0.31410.357
MinimumVisualStudioVersion = 10.0.40219.1
Project("{FAE04EC0-301F-11D3-BF4B-00C04F79EFBC}") = "Ejemplo1_dia13", "Ejemplo1_dia13\Ejemplo1_dia13.csproj", "{CFE79DDA-7064-452B-AFDB-166821475A0F}"
EndProject
Global
	GlobalSection(SolutionConfigurationPlatforms) = preSolution
		Debug|Any CPU = Debug|Any CPU
		Release|Any CPU = Release|Any CPU
	EndGlobalSection
	GlobalSection(ProjectConfigurationPlatforms) = postSolution
		{CFE79DDA-7064-452B-AFDB-166821475A0F}.Debug|Any CPU.ActiveCfg = Debug|Any CPU
		{CFE79DDA-7064-452B-AFDB-166821475A0F}.Debug|Any CPU.Build.0 = Debug|Any CPU
		{CFE79DDA-7064-452B-AFDB-166821475A0F}.Release|Any CPU.ActiveCfg = Release|Any CPU
		{CFE79DDA-7064-452B-AFDB-166821475A0F}.Release|Any CPU.Build.0 = Release|Any CPU
	EndGlobalSection
	GlobalSection(SolutionProperties) = preSolution
		HideSolutionNode = FALSE
	EndGlobalSection
	GlobalSection(ExtensibilityGlobals) = postSolution
		SolutionGuid = {FB98F2D9-0D1F-4FB2-9B9D-F98F2496F3F0}
	EndGlobalSection
EndGlobal
